{
  "version": "4",
  "specifiers": {
    "jsr:@b-fuze/deno-dom@~0.1.48": "0.1.48",
    "jsr:@classic/build@0.1": "0.1.2",
    "jsr:@classic/context@0.1": "0.1.0",
    "jsr:@classic/element@0.1": "0.1.6",
    "jsr:@classic/html@0.1": "0.1.0",
    "jsr:@classic/js@0.1": "0.1.11",
    "jsr:@classic/morph@0.1": "0.1.0",
    "jsr:@classic/router@0.1": "0.1.0",
    "jsr:@classic/server@0.1": "0.1.2",
    "jsr:@classic/util@0.1": "0.1.1",
    "jsr:@denosaurs/plug@1.0.3": "1.0.3",
    "jsr:@hono/hono@^4.6.20": "4.6.20",
    "jsr:@jabr/xxhash64@2": "2.0.0",
    "jsr:@luca/esbuild-deno-loader@~0.10.3": "0.10.3",
    "jsr:@std/assert@*": "1.0.9",
    "jsr:@std/assert@0.226": "0.226.0",
    "jsr:@std/assert@^1.0.7": "1.0.9",
    "jsr:@std/assert@~0.213.1": "0.213.1",
    "jsr:@std/async@^1.0.0-rc.1": "1.0.8",
    "jsr:@std/bytes@^1.0.5": "1.0.5",
    "jsr:@std/cli@~0.224.7": "0.224.7",
    "jsr:@std/encoding@0.213": "0.213.1",
    "jsr:@std/encoding@0.213.1": "0.213.1",
    "jsr:@std/encoding@1.0.0-rc.2": "1.0.0-rc.2",
    "jsr:@std/encoding@^1.0.4": "1.0.5",
    "jsr:@std/fmt@0.213.1": "0.213.1",
    "jsr:@std/fmt@~0.225.4": "0.225.6",
    "jsr:@std/fs@0.213.1": "0.213.1",
    "jsr:@std/fs@~0.229.3": "0.229.3",
    "jsr:@std/http@~0.224.5": "0.224.5",
    "jsr:@std/internal@^1.0.5": "1.0.5",
    "jsr:@std/json@~0.213.1": "0.213.1",
    "jsr:@std/jsonc@0.213": "0.213.1",
    "jsr:@std/media-types@^1.0.0-rc.1": "1.1.0",
    "jsr:@std/media-types@^1.0.2": "1.1.0",
    "jsr:@std/net@~0.224.3": "0.224.5",
    "jsr:@std/path@0.213": "0.213.1",
    "jsr:@std/path@0.213.1": "0.213.1",
    "jsr:@std/path@1.0.0-rc.1": "1.0.0-rc.1",
    "jsr:@std/path@1.0.0-rc.2": "1.0.0-rc.2",
    "jsr:@std/path@~0.213.1": "0.213.1",
    "jsr:@std/path@~0.225.2": "0.225.2",
    "jsr:@std/streams@~0.224.5": "0.224.5",
    "npm:esbuild@0.23": "0.23.0",
    "npm:lightningcss-wasm@^1.29.3": "1.29.3"
  },
  "jsr": {
    "@b-fuze/deno-dom@0.1.48": {
      "integrity": "bf5b591aef2e9e9c59adfcbb93a9ecd45bab5b7c8263625beafa5c8f1662e7da",
      "dependencies": [
        "jsr:@denosaurs/plug"
      ]
    },
    "@classic/build@0.1.2": {
      "integrity": "a4f9535b9e298611ff7beabd730171142cc89e7bd225e7e9e7d9d60b858380c1",
      "dependencies": [
        "jsr:@luca/esbuild-deno-loader",
        "jsr:@std/fs@~0.229.3",
        "jsr:@std/path@~0.225.2",
        "npm:esbuild"
      ]
    },
    "@classic/context@0.1.0": {
      "integrity": "e1c2106e15ef7b6a19f7d840a6f2e706c9b9bb951c4e7fd8a86dea53e782978e"
    },
    "@classic/element@0.1.6": {
      "integrity": "178c85ac94ab20f3ad3990332d637f92927ba786da2d23ee90ed4e7cdfb00ea3"
    },
    "@classic/html@0.1.0": {
      "integrity": "4b8d804123212a112fac872ceed392adb2254a4fb70cf2e3b92d3c1aa9d7f314"
    },
    "@classic/js@0.1.11": {
      "integrity": "9f72a4f449250d15a0474767f1e9c753a3561925466604335421318e0bd3c8cb"
    },
    "@classic/morph@0.1.0": {
      "integrity": "e119f0ee03ded1e094a85a4a88b702fb45d06bbc0c98420e573a876b2a32b208"
    },
    "@classic/router@0.1.0": {
      "integrity": "905d3da0e8a3941582a572aa4186f99de876204acfe31878fbd92aa468a93f55",
      "dependencies": [
        "jsr:@jabr/xxhash64",
        "jsr:@std/bytes",
        "jsr:@std/encoding@^1.0.4",
        "jsr:@std/path@~0.225.2"
      ]
    },
    "@classic/server@0.1.2": {
      "integrity": "33c6d22248724176d6ddda86384b7f0c0ac1c904345cb336866ff8b1f9bb9544",
      "dependencies": [
        "jsr:@hono/hono",
        "jsr:@std/fs@~0.229.3",
        "jsr:@std/media-types@^1.0.2",
        "jsr:@std/path@~0.225.2"
      ]
    },
    "@classic/util@0.1.1": {
      "integrity": "e9ff0760128f18f925eba60de1072f9e6e87228cc8e6089e4863188e82d5c516"
    },
    "@denosaurs/plug@1.0.3": {
      "integrity": "b010544e386bea0ff3a1d05e0c88f704ea28cbd4d753439c2f1ee021a85d4640",
      "dependencies": [
        "jsr:@std/encoding@0.213.1",
        "jsr:@std/fmt@0.213.1",
        "jsr:@std/fs@0.213.1",
        "jsr:@std/path@0.213.1"
      ]
    },
    "@hono/hono@4.6.20": {
      "integrity": "0db02d7b80db67a17e18b434c6105af002412cada5e908013086eb9fa9466a87"
    },
    "@jabr/xxhash64@2.0.0": {
      "integrity": "a109e902abb6787816112ac71fd9145d39f8fccb45f96d1707c82197bd8fbfbd"
    },
    "@luca/esbuild-deno-loader@0.10.3": {
      "integrity": "32fc93f7e7f78060234fd5929a740668aab1c742b808c6048b57f9aaea514921",
      "dependencies": [
        "jsr:@std/encoding@0.213",
        "jsr:@std/jsonc",
        "jsr:@std/path@0.213"
      ]
    },
    "@std/assert@0.213.1": {
      "integrity": "24c28178b30c8e0782c18e8e94ea72b16282207569cdd10ffb9d1d26f2edebfe"
    },
    "@std/assert@0.226.0": {
      "integrity": "0dfb5f7c7723c18cec118e080fec76ce15b4c31154b15ad2bd74822603ef75b3"
    },
    "@std/assert@1.0.9": {
      "integrity": "a9f0c611a869cc791b26f523eec54c7e187aab7932c2c8e8bea0622d13680dcd",
      "dependencies": [
        "jsr:@std/internal"
      ]
    },
    "@std/async@1.0.8": {
      "integrity": "c057c5211a0f1d12e7dcd111ab430091301b8d64b4250052a79d277383bc3ba7"
    },
    "@std/bytes@1.0.5": {
      "integrity": "4465dd739d7963d964c809202ebea6d5c6b8e3829ef25c6a224290fbb8a1021e"
    },
    "@std/cli@0.224.7": {
      "integrity": "654ca6477518e5e3a0d3fabafb2789e92b8c0febf1a1d24ba4b567aba94b5977"
    },
    "@std/encoding@0.213.1": {
      "integrity": "fcbb6928713dde941a18ca5db88ca1544d0755ec8fb20fe61e2dc8144b390c62"
    },
    "@std/encoding@1.0.0-rc.2": {
      "integrity": "160d7674a20ebfbccdf610b3801fee91cf6e42d1c106dd46bbaf46e395cd35ef"
    },
    "@std/encoding@1.0.5": {
      "integrity": "ecf363d4fc25bd85bd915ff6733a7e79b67e0e7806334af15f4645c569fefc04"
    },
    "@std/fmt@0.213.1": {
      "integrity": "a06d31777566d874b9c856c10244ac3e6b660bdec4c82506cd46be052a1082c3"
    },
    "@std/fmt@0.225.6": {
      "integrity": "aba6aea27f66813cecfd9484e074a9e9845782ab0685c030e453a8a70b37afc8"
    },
    "@std/fs@0.213.1": {
      "integrity": "fbcaf099f8a85c27ab0712b666262cda8fe6d02e9937bf9313ecaea39a22c501",
      "dependencies": [
        "jsr:@std/assert@~0.213.1",
        "jsr:@std/path@~0.213.1"
      ]
    },
    "@std/fs@0.229.3": {
      "integrity": "783bca21f24da92e04c3893c9e79653227ab016c48e96b3078377ebd5222e6eb",
      "dependencies": [
        "jsr:@std/path@1.0.0-rc.1"
      ]
    },
    "@std/http@0.224.5": {
      "integrity": "b03b5d1529f6c423badfb82f6640f9f2557b4034cd7c30655ba5bb447ff750a4",
      "dependencies": [
        "jsr:@std/async",
        "jsr:@std/cli",
        "jsr:@std/encoding@1.0.0-rc.2",
        "jsr:@std/fmt@~0.225.4",
        "jsr:@std/media-types@^1.0.0-rc.1",
        "jsr:@std/net",
        "jsr:@std/path@1.0.0-rc.2",
        "jsr:@std/streams"
      ]
    },
    "@std/internal@1.0.5": {
      "integrity": "54a546004f769c1ac9e025abd15a76b6671ddc9687e2313b67376125650dc7ba"
    },
    "@std/json@0.213.1": {
      "integrity": "f572b1de605d07c4a5602445dac54bfc51b1fb87a3710a17aed2608bfca54e68"
    },
    "@std/jsonc@0.213.1": {
      "integrity": "5578f21aa583b7eb7317eed077ffcde47b294f1056bdbb9aacec407758637bfe",
      "dependencies": [
        "jsr:@std/assert@~0.213.1",
        "jsr:@std/json"
      ]
    },
    "@std/media-types@1.1.0": {
      "integrity": "c9d093f0c05c3512932b330e3cc1fe1d627b301db33a4c2c2185c02471d6eaa4"
    },
    "@std/net@0.224.5": {
      "integrity": "9c2ae90a5c3dc7771da5ae5e13b6f7d5d0b316c1954c5d53f2bfc1129fb757ff"
    },
    "@std/path@0.213.1": {
      "integrity": "f187bf278a172752e02fcbacf6bd78a335ed320d080a7ed3a5a59c3e88abc673",
      "dependencies": [
        "jsr:@std/assert@~0.213.1"
      ]
    },
    "@std/path@0.225.2": {
      "integrity": "0f2db41d36b50ef048dcb0399aac720a5348638dd3cb5bf80685bf2a745aa506",
      "dependencies": [
        "jsr:@std/assert@0.226"
      ]
    },
    "@std/path@1.0.0-rc.1": {
      "integrity": "b8c00ae2f19106a6bb7cbf1ab9be52aa70de1605daeb2dbdc4f87a7cbaf10ff6"
    },
    "@std/path@1.0.0-rc.2": {
      "integrity": "39f20d37a44d1867abac8d91c169359ea6e942237a45a99ee1e091b32b921c7d"
    },
    "@std/streams@0.224.5": {
      "integrity": "bcde7818dd5460d474cdbd674b15f6638b9cd73cd64e52bd852fba2bd4d8ec91"
    }
  },
  "npm": {
    "@esbuild/aix-ppc64@0.23.0": {
      "integrity": "sha512-3sG8Zwa5fMcA9bgqB8AfWPQ+HFke6uD3h1s3RIwUNK8EG7a4buxvuFTs3j1IMs2NXAk9F30C/FF4vxRgQCcmoQ=="
    },
    "@esbuild/android-arm64@0.23.0": {
      "integrity": "sha512-EuHFUYkAVfU4qBdyivULuu03FhJO4IJN9PGuABGrFy4vUuzk91P2d+npxHcFdpUnfYKy0PuV+n6bKIpHOB3prQ=="
    },
    "@esbuild/android-arm@0.23.0": {
      "integrity": "sha512-+KuOHTKKyIKgEEqKbGTK8W7mPp+hKinbMBeEnNzjJGyFcWsfrXjSTNluJHCY1RqhxFurdD8uNXQDei7qDlR6+g=="
    },
    "@esbuild/android-x64@0.23.0": {
      "integrity": "sha512-WRrmKidLoKDl56LsbBMhzTTBxrsVwTKdNbKDalbEZr0tcsBgCLbEtoNthOW6PX942YiYq8HzEnb4yWQMLQuipQ=="
    },
    "@esbuild/darwin-arm64@0.23.0": {
      "integrity": "sha512-YLntie/IdS31H54Ogdn+v50NuoWF5BDkEUFpiOChVa9UnKpftgwzZRrI4J132ETIi+D8n6xh9IviFV3eXdxfow=="
    },
    "@esbuild/darwin-x64@0.23.0": {
      "integrity": "sha512-IMQ6eme4AfznElesHUPDZ+teuGwoRmVuuixu7sv92ZkdQcPbsNHzutd+rAfaBKo8YK3IrBEi9SLLKWJdEvJniQ=="
    },
    "@esbuild/freebsd-arm64@0.23.0": {
      "integrity": "sha512-0muYWCng5vqaxobq6LB3YNtevDFSAZGlgtLoAc81PjUfiFz36n4KMpwhtAd4he8ToSI3TGyuhyx5xmiWNYZFyw=="
    },
    "@esbuild/freebsd-x64@0.23.0": {
      "integrity": "sha512-XKDVu8IsD0/q3foBzsXGt/KjD/yTKBCIwOHE1XwiXmrRwrX6Hbnd5Eqn/WvDekddK21tfszBSrE/WMaZh+1buQ=="
    },
    "@esbuild/linux-arm64@0.23.0": {
      "integrity": "sha512-j1t5iG8jE7BhonbsEg5d9qOYcVZv/Rv6tghaXM/Ug9xahM0nX/H2gfu6X6z11QRTMT6+aywOMA8TDkhPo8aCGw=="
    },
    "@esbuild/linux-arm@0.23.0": {
      "integrity": "sha512-SEELSTEtOFu5LPykzA395Mc+54RMg1EUgXP+iw2SJ72+ooMwVsgfuwXo5Fn0wXNgWZsTVHwY2cg4Vi/bOD88qw=="
    },
    "@esbuild/linux-ia32@0.23.0": {
      "integrity": "sha512-P7O5Tkh2NbgIm2R6x1zGJJsnacDzTFcRWZyTTMgFdVit6E98LTxO+v8LCCLWRvPrjdzXHx9FEOA8oAZPyApWUA=="
    },
    "@esbuild/linux-loong64@0.23.0": {
      "integrity": "sha512-InQwepswq6urikQiIC/kkx412fqUZudBO4SYKu0N+tGhXRWUqAx+Q+341tFV6QdBifpjYgUndV1hhMq3WeJi7A=="
    },
    "@esbuild/linux-mips64el@0.23.0": {
      "integrity": "sha512-J9rflLtqdYrxHv2FqXE2i1ELgNjT+JFURt/uDMoPQLcjWQA5wDKgQA4t/dTqGa88ZVECKaD0TctwsUfHbVoi4w=="
    },
    "@esbuild/linux-ppc64@0.23.0": {
      "integrity": "sha512-cShCXtEOVc5GxU0fM+dsFD10qZ5UpcQ8AM22bYj0u/yaAykWnqXJDpd77ublcX6vdDsWLuweeuSNZk4yUxZwtw=="
    },
    "@esbuild/linux-riscv64@0.23.0": {
      "integrity": "sha512-HEtaN7Y5UB4tZPeQmgz/UhzoEyYftbMXrBCUjINGjh3uil+rB/QzzpMshz3cNUxqXN7Vr93zzVtpIDL99t9aRw=="
    },
    "@esbuild/linux-s390x@0.23.0": {
      "integrity": "sha512-WDi3+NVAuyjg/Wxi+o5KPqRbZY0QhI9TjrEEm+8dmpY9Xir8+HE/HNx2JoLckhKbFopW0RdO2D72w8trZOV+Wg=="
    },
    "@esbuild/linux-x64@0.23.0": {
      "integrity": "sha512-a3pMQhUEJkITgAw6e0bWA+F+vFtCciMjW/LPtoj99MhVt+Mfb6bbL9hu2wmTZgNd994qTAEw+U/r6k3qHWWaOQ=="
    },
    "@esbuild/netbsd-x64@0.23.0": {
      "integrity": "sha512-cRK+YDem7lFTs2Q5nEv/HHc4LnrfBCbH5+JHu6wm2eP+d8OZNoSMYgPZJq78vqQ9g+9+nMuIsAO7skzphRXHyw=="
    },
    "@esbuild/openbsd-arm64@0.23.0": {
      "integrity": "sha512-suXjq53gERueVWu0OKxzWqk7NxiUWSUlrxoZK7usiF50C6ipColGR5qie2496iKGYNLhDZkPxBI3erbnYkU0rQ=="
    },
    "@esbuild/openbsd-x64@0.23.0": {
      "integrity": "sha512-6p3nHpby0DM/v15IFKMjAaayFhqnXV52aEmv1whZHX56pdkK+MEaLoQWj+H42ssFarP1PcomVhbsR4pkz09qBg=="
    },
    "@esbuild/sunos-x64@0.23.0": {
      "integrity": "sha512-BFelBGfrBwk6LVrmFzCq1u1dZbG4zy/Kp93w2+y83Q5UGYF1d8sCzeLI9NXjKyujjBBniQa8R8PzLFAUrSM9OA=="
    },
    "@esbuild/win32-arm64@0.23.0": {
      "integrity": "sha512-lY6AC8p4Cnb7xYHuIxQ6iYPe6MfO2CC43XXKo9nBXDb35krYt7KGhQnOkRGar5psxYkircpCqfbNDB4uJbS2jQ=="
    },
    "@esbuild/win32-ia32@0.23.0": {
      "integrity": "sha512-7L1bHlOTcO4ByvI7OXVI5pNN6HSu6pUQq9yodga8izeuB1KcT2UkHaH6118QJwopExPn0rMHIseCTx1CRo/uNA=="
    },
    "@esbuild/win32-x64@0.23.0": {
      "integrity": "sha512-Arm+WgUFLUATuoxCJcahGuk6Yj9Pzxd6l11Zb/2aAuv5kWWvvfhLFo2fni4uSK5vzlUdCGZ/BdV5tH8klj8p8g=="
    },
    "detect-libc@2.0.3": {
      "integrity": "sha512-bwy0MGW55bG41VqxxypOsdSdGqLwXPI/focwgTYCFMbdUiBAxLg9CFzG08sz2aqzknwiX7Hkl0bQENjg8iLByw=="
    },
    "esbuild@0.23.0": {
      "integrity": "sha512-1lvV17H2bMYda/WaFb2jLPeHU3zml2k4/yagNMG8Q/YtfMjCwEUZa2eXXMgZTVSL5q1n4H7sQ0X6CdJDqqeCFA==",
      "dependencies": [
        "@esbuild/aix-ppc64",
        "@esbuild/android-arm",
        "@esbuild/android-arm64",
        "@esbuild/android-x64",
        "@esbuild/darwin-arm64",
        "@esbuild/darwin-x64",
        "@esbuild/freebsd-arm64",
        "@esbuild/freebsd-x64",
        "@esbuild/linux-arm",
        "@esbuild/linux-arm64",
        "@esbuild/linux-ia32",
        "@esbuild/linux-loong64",
        "@esbuild/linux-mips64el",
        "@esbuild/linux-ppc64",
        "@esbuild/linux-riscv64",
        "@esbuild/linux-s390x",
        "@esbuild/linux-x64",
        "@esbuild/netbsd-x64",
        "@esbuild/openbsd-arm64",
        "@esbuild/openbsd-x64",
        "@esbuild/sunos-x64",
        "@esbuild/win32-arm64",
        "@esbuild/win32-ia32",
        "@esbuild/win32-x64"
      ]
    },
    "lightningcss-wasm@1.29.3": {
      "integrity": "sha512-j02QNSRVBKxsSBinpSCgx3x8XwwOoO50ekDO1O5rBf+dS0j46qSojv+3BDzMNCaGFJ18EjcnXGDkG3ImIbU/PQ==",
      "dependencies": [
        "napi-wasm"
      ]
    },
    "napi-wasm@1.1.3": {
      "integrity": "sha512-h/4nMGsHjZDCYmQVNODIrYACVJ+I9KItbG+0si6W/jSjdA9JbWDoU4LLeMXVcEQGHjttI2tuXqDrbGF7qkUHHg=="
    }
  },
  "remote": {
    "https://cdn.jsdelivr.net/npm/napi-wasm@1.1.3/+esm": "f660b930b7133b73720b55a14e417220a4eab4a880871081d099b7ff902ebabe"
  },
  "workspace": {
    "dependencies": [
      "jsr:@b-fuze/deno-dom@~0.1.48",
      "jsr:@classic/build@0.1",
      "jsr:@classic/context@0.1",
      "jsr:@classic/element@0.1",
      "jsr:@classic/html@0.1",
      "jsr:@classic/js@0.1",
      "jsr:@classic/morph@0.1",
      "jsr:@classic/router@0.1",
      "jsr:@classic/server@0.1",
      "jsr:@classic/util@0.1",
      "jsr:@hono/hono@^4.6.20",
      "jsr:@jabr/xxhash64@2",
      "jsr:@luca/esbuild-deno-loader@~0.10.3",
      "jsr:@std/assert@^1.0.7",
      "jsr:@std/bytes@^1.0.5",
      "jsr:@std/encoding@^1.0.4",
      "jsr:@std/fs@~0.229.3",
      "jsr:@std/http@~0.224.5",
      "jsr:@std/media-types@^1.0.2",
      "jsr:@std/path@~0.225.2",
      "npm:esbuild@0.23",
      "npm:lightningcss-wasm@^1.29.3"
    ]
  }
}
