{
  "version": "4",
  "specifiers": {
    "jsr:@b-fuze/deno-dom@~0.1.48": "0.1.48",
    "jsr:@classic/build@0": "0.1.1",
    "jsr:@classic/element@0": "0.1.5",
    "jsr:@classic/js@0": "0.1.9",
    "jsr:@classic/server@0": "0.1.1",
    "jsr:@classic/util@0": "0.1.1",
    "jsr:@hono/hono@^4.4.8": "4.4.8",
    "jsr:@jabr/xxhash64@2": "2.0.0",
    "jsr:@luca/esbuild-deno-loader@~0.10.3": "0.10.3",
    "jsr:@std/assert@*": "1.0.7",
    "jsr:@std/assert@0.226": "0.226.0",
    "jsr:@std/assert@^1.0.7": "1.0.7",
    "jsr:@std/assert@~0.213.1": "0.213.1",
    "jsr:@std/async@^1.0.0-rc.1": "1.0.0-rc.4",
    "jsr:@std/cli@~0.224.7": "0.224.7",
    "jsr:@std/encoding@0.213": "0.213.1",
    "jsr:@std/encoding@1.0.0-rc.2": "1.0.0-rc.2",
    "jsr:@std/encoding@^1.0.4": "1.0.4",
    "jsr:@std/fmt@~0.225.4": "0.225.6",
    "jsr:@std/fs@~0.229.3": "0.229.3",
    "jsr:@std/http@~0.224.5": "0.224.5",
    "jsr:@std/internal@^1.0.5": "1.0.5",
    "jsr:@std/json@~0.213.1": "0.213.1",
    "jsr:@std/jsonc@0.213": "0.213.1",
    "jsr:@std/media-types@^1.0.0-rc.1": "1.0.2",
    "jsr:@std/media-types@^1.0.2": "1.0.2",
    "jsr:@std/net@~0.224.3": "0.224.5",
    "jsr:@std/path@0.213": "0.213.1",
    "jsr:@std/path@1.0.0-rc.1": "1.0.0-rc.1",
    "jsr:@std/path@1.0.0-rc.2": "1.0.0-rc.2",
    "jsr:@std/path@~0.225.2": "0.225.2",
    "jsr:@std/streams@~0.224.5": "0.224.5",
    "npm:cssnano@^7.0.4": "7.0.4_postcss@8.4.40",
    "npm:esbuild@0.23": "0.23.0",
    "npm:lightningcss@^1.25.1": "1.25.1",
    "npm:postcss@^8.4.39": "8.4.40"
  },
  "jsr": {
    "@b-fuze/deno-dom@0.1.48": {
      "integrity": "bf5b591aef2e9e9c59adfcbb93a9ecd45bab5b7c8263625beafa5c8f1662e7da"
    },
    "@classic/build@0.1.1": {
      "integrity": "ee54aa6217c43e070f9d431d107c9742dc66bdf13377c5466e495d64659e8702",
      "dependencies": [
        "jsr:@luca/esbuild-deno-loader",
        "jsr:@std/fs",
        "jsr:@std/path@~0.225.2",
        "npm:cssnano",
        "npm:esbuild",
        "npm:postcss"
      ]
    },
    "@classic/element@0.1.5": {
      "integrity": "4ca3f6de406fb748854a7a33000ac1faac6fe3746342df5e4e6402d1edacb25e"
    },
    "@classic/js@0.1.9": {
      "integrity": "2dfcffaf67bf8ee229fc826e931723924b60a0c44a95b6ca7933aa879161cb31"
    },
    "@classic/server@0.1.1": {
      "integrity": "42e3b3549ccf038836e6ab716df2fa9c3bc2256bb2f3c0b18415260da382852b",
      "dependencies": [
        "jsr:@std/http"
      ]
    },
    "@classic/util@0.1.1": {
      "integrity": "e9ff0760128f18f925eba60de1072f9e6e87228cc8e6089e4863188e82d5c516"
    },
    "@hono/hono@4.4.8": {
      "integrity": "6b387c666d4a1d2f50fbf7968ecaa73eb37690d08be0f5f3efe2d15dd6a679ce"
    },
    "@jabr/xxhash64@2.0.0": {
      "integrity": "a109e902abb6787816112ac71fd9145d39f8fccb45f96d1707c82197bd8fbfbd"
    },
    "@luca/esbuild-deno-loader@0.10.3": {
      "integrity": "32fc93f7e7f78060234fd5929a740668aab1c742b808c6048b57f9aaea514921",
      "dependencies": [
        "jsr:@std/encoding@0.213",
        "jsr:@std/jsonc",
        "jsr:@std/path@0.213"
      ]
    },
    "@std/assert@0.213.1": {
      "integrity": "24c28178b30c8e0782c18e8e94ea72b16282207569cdd10ffb9d1d26f2edebfe"
    },
    "@std/assert@0.226.0": {
      "integrity": "0dfb5f7c7723c18cec118e080fec76ce15b4c31154b15ad2bd74822603ef75b3"
    },
    "@std/assert@1.0.7": {
      "integrity": "64ce9fac879e0b9f3042a89b3c3f8ccfc9c984391af19e2087513a79d73e28c3",
      "dependencies": [
        "jsr:@std/internal"
      ]
    },
    "@std/async@1.0.0-rc.4": {
      "integrity": "6d16ba99f2df32a7aa587c99e2a87140cc1eb8f38321dab3415b624bce90cc14"
    },
    "@std/cli@0.224.7": {
      "integrity": "654ca6477518e5e3a0d3fabafb2789e92b8c0febf1a1d24ba4b567aba94b5977"
    },
    "@std/encoding@0.213.1": {
      "integrity": "fcbb6928713dde941a18ca5db88ca1544d0755ec8fb20fe61e2dc8144b390c62"
    },
    "@std/encoding@1.0.0-rc.2": {
      "integrity": "160d7674a20ebfbccdf610b3801fee91cf6e42d1c106dd46bbaf46e395cd35ef"
    },
    "@std/encoding@1.0.4": {
      "integrity": "2266cd516b32369e3dc5695717c96bf88343a1f761d6e6187a02a2bbe2af86ae"
    },
    "@std/fmt@0.225.6": {
      "integrity": "aba6aea27f66813cecfd9484e074a9e9845782ab0685c030e453a8a70b37afc8"
    },
    "@std/fs@0.229.3": {
      "integrity": "783bca21f24da92e04c3893c9e79653227ab016c48e96b3078377ebd5222e6eb",
      "dependencies": [
        "jsr:@std/path@1.0.0-rc.1"
      ]
    },
    "@std/http@0.224.5": {
      "integrity": "b03b5d1529f6c423badfb82f6640f9f2557b4034cd7c30655ba5bb447ff750a4",
      "dependencies": [
        "jsr:@std/async",
        "jsr:@std/cli",
        "jsr:@std/encoding@1.0.0-rc.2",
        "jsr:@std/fmt",
        "jsr:@std/media-types@^1.0.0-rc.1",
        "jsr:@std/net",
        "jsr:@std/path@1.0.0-rc.2",
        "jsr:@std/streams"
      ]
    },
    "@std/internal@1.0.5": {
      "integrity": "54a546004f769c1ac9e025abd15a76b6671ddc9687e2313b67376125650dc7ba"
    },
    "@std/json@0.213.1": {
      "integrity": "f572b1de605d07c4a5602445dac54bfc51b1fb87a3710a17aed2608bfca54e68"
    },
    "@std/jsonc@0.213.1": {
      "integrity": "5578f21aa583b7eb7317eed077ffcde47b294f1056bdbb9aacec407758637bfe",
      "dependencies": [
        "jsr:@std/assert@~0.213.1",
        "jsr:@std/json"
      ]
    },
    "@std/media-types@1.0.1": {
      "integrity": "f2ddc3497be0bd87ac0c9b9b26bb454f76bdc45e1b9a12146af47fab3ba2828c"
    },
    "@std/media-types@1.0.2": {
      "integrity": "abb78dc8f7d88141cba8c4d60fc1e8b421e5c7b0d7c84f2f708bc666cad46784"
    },
    "@std/net@0.224.5": {
      "integrity": "9c2ae90a5c3dc7771da5ae5e13b6f7d5d0b316c1954c5d53f2bfc1129fb757ff"
    },
    "@std/path@0.213.1": {
      "integrity": "f187bf278a172752e02fcbacf6bd78a335ed320d080a7ed3a5a59c3e88abc673",
      "dependencies": [
        "jsr:@std/assert@~0.213.1"
      ]
    },
    "@std/path@0.225.2": {
      "integrity": "0f2db41d36b50ef048dcb0399aac720a5348638dd3cb5bf80685bf2a745aa506",
      "dependencies": [
        "jsr:@std/assert@0.226"
      ]
    },
    "@std/path@1.0.0-rc.1": {
      "integrity": "b8c00ae2f19106a6bb7cbf1ab9be52aa70de1605daeb2dbdc4f87a7cbaf10ff6"
    },
    "@std/path@1.0.0-rc.2": {
      "integrity": "39f20d37a44d1867abac8d91c169359ea6e942237a45a99ee1e091b32b921c7d"
    },
    "@std/streams@0.224.5": {
      "integrity": "bcde7818dd5460d474cdbd674b15f6638b9cd73cd64e52bd852fba2bd4d8ec91"
    }
  },
  "npm": {
    "@esbuild/aix-ppc64@0.23.0": {
      "integrity": "sha512-3sG8Zwa5fMcA9bgqB8AfWPQ+HFke6uD3h1s3RIwUNK8EG7a4buxvuFTs3j1IMs2NXAk9F30C/FF4vxRgQCcmoQ=="
    },
    "@esbuild/android-arm64@0.23.0": {
      "integrity": "sha512-EuHFUYkAVfU4qBdyivULuu03FhJO4IJN9PGuABGrFy4vUuzk91P2d+npxHcFdpUnfYKy0PuV+n6bKIpHOB3prQ=="
    },
    "@esbuild/android-arm@0.23.0": {
      "integrity": "sha512-+KuOHTKKyIKgEEqKbGTK8W7mPp+hKinbMBeEnNzjJGyFcWsfrXjSTNluJHCY1RqhxFurdD8uNXQDei7qDlR6+g=="
    },
    "@esbuild/android-x64@0.23.0": {
      "integrity": "sha512-WRrmKidLoKDl56LsbBMhzTTBxrsVwTKdNbKDalbEZr0tcsBgCLbEtoNthOW6PX942YiYq8HzEnb4yWQMLQuipQ=="
    },
    "@esbuild/darwin-arm64@0.23.0": {
      "integrity": "sha512-YLntie/IdS31H54Ogdn+v50NuoWF5BDkEUFpiOChVa9UnKpftgwzZRrI4J132ETIi+D8n6xh9IviFV3eXdxfow=="
    },
    "@esbuild/darwin-x64@0.23.0": {
      "integrity": "sha512-IMQ6eme4AfznElesHUPDZ+teuGwoRmVuuixu7sv92ZkdQcPbsNHzutd+rAfaBKo8YK3IrBEi9SLLKWJdEvJniQ=="
    },
    "@esbuild/freebsd-arm64@0.23.0": {
      "integrity": "sha512-0muYWCng5vqaxobq6LB3YNtevDFSAZGlgtLoAc81PjUfiFz36n4KMpwhtAd4he8ToSI3TGyuhyx5xmiWNYZFyw=="
    },
    "@esbuild/freebsd-x64@0.23.0": {
      "integrity": "sha512-XKDVu8IsD0/q3foBzsXGt/KjD/yTKBCIwOHE1XwiXmrRwrX6Hbnd5Eqn/WvDekddK21tfszBSrE/WMaZh+1buQ=="
    },
    "@esbuild/linux-arm64@0.23.0": {
      "integrity": "sha512-j1t5iG8jE7BhonbsEg5d9qOYcVZv/Rv6tghaXM/Ug9xahM0nX/H2gfu6X6z11QRTMT6+aywOMA8TDkhPo8aCGw=="
    },
    "@esbuild/linux-arm@0.23.0": {
      "integrity": "sha512-SEELSTEtOFu5LPykzA395Mc+54RMg1EUgXP+iw2SJ72+ooMwVsgfuwXo5Fn0wXNgWZsTVHwY2cg4Vi/bOD88qw=="
    },
    "@esbuild/linux-ia32@0.23.0": {
      "integrity": "sha512-P7O5Tkh2NbgIm2R6x1zGJJsnacDzTFcRWZyTTMgFdVit6E98LTxO+v8LCCLWRvPrjdzXHx9FEOA8oAZPyApWUA=="
    },
    "@esbuild/linux-loong64@0.23.0": {
      "integrity": "sha512-InQwepswq6urikQiIC/kkx412fqUZudBO4SYKu0N+tGhXRWUqAx+Q+341tFV6QdBifpjYgUndV1hhMq3WeJi7A=="
    },
    "@esbuild/linux-mips64el@0.23.0": {
      "integrity": "sha512-J9rflLtqdYrxHv2FqXE2i1ELgNjT+JFURt/uDMoPQLcjWQA5wDKgQA4t/dTqGa88ZVECKaD0TctwsUfHbVoi4w=="
    },
    "@esbuild/linux-ppc64@0.23.0": {
      "integrity": "sha512-cShCXtEOVc5GxU0fM+dsFD10qZ5UpcQ8AM22bYj0u/yaAykWnqXJDpd77ublcX6vdDsWLuweeuSNZk4yUxZwtw=="
    },
    "@esbuild/linux-riscv64@0.23.0": {
      "integrity": "sha512-HEtaN7Y5UB4tZPeQmgz/UhzoEyYftbMXrBCUjINGjh3uil+rB/QzzpMshz3cNUxqXN7Vr93zzVtpIDL99t9aRw=="
    },
    "@esbuild/linux-s390x@0.23.0": {
      "integrity": "sha512-WDi3+NVAuyjg/Wxi+o5KPqRbZY0QhI9TjrEEm+8dmpY9Xir8+HE/HNx2JoLckhKbFopW0RdO2D72w8trZOV+Wg=="
    },
    "@esbuild/linux-x64@0.23.0": {
      "integrity": "sha512-a3pMQhUEJkITgAw6e0bWA+F+vFtCciMjW/LPtoj99MhVt+Mfb6bbL9hu2wmTZgNd994qTAEw+U/r6k3qHWWaOQ=="
    },
    "@esbuild/netbsd-x64@0.23.0": {
      "integrity": "sha512-cRK+YDem7lFTs2Q5nEv/HHc4LnrfBCbH5+JHu6wm2eP+d8OZNoSMYgPZJq78vqQ9g+9+nMuIsAO7skzphRXHyw=="
    },
    "@esbuild/openbsd-arm64@0.23.0": {
      "integrity": "sha512-suXjq53gERueVWu0OKxzWqk7NxiUWSUlrxoZK7usiF50C6ipColGR5qie2496iKGYNLhDZkPxBI3erbnYkU0rQ=="
    },
    "@esbuild/openbsd-x64@0.23.0": {
      "integrity": "sha512-6p3nHpby0DM/v15IFKMjAaayFhqnXV52aEmv1whZHX56pdkK+MEaLoQWj+H42ssFarP1PcomVhbsR4pkz09qBg=="
    },
    "@esbuild/sunos-x64@0.23.0": {
      "integrity": "sha512-BFelBGfrBwk6LVrmFzCq1u1dZbG4zy/Kp93w2+y83Q5UGYF1d8sCzeLI9NXjKyujjBBniQa8R8PzLFAUrSM9OA=="
    },
    "@esbuild/win32-arm64@0.23.0": {
      "integrity": "sha512-lY6AC8p4Cnb7xYHuIxQ6iYPe6MfO2CC43XXKo9nBXDb35krYt7KGhQnOkRGar5psxYkircpCqfbNDB4uJbS2jQ=="
    },
    "@esbuild/win32-ia32@0.23.0": {
      "integrity": "sha512-7L1bHlOTcO4ByvI7OXVI5pNN6HSu6pUQq9yodga8izeuB1KcT2UkHaH6118QJwopExPn0rMHIseCTx1CRo/uNA=="
    },
    "@esbuild/win32-x64@0.23.0": {
      "integrity": "sha512-Arm+WgUFLUATuoxCJcahGuk6Yj9Pzxd6l11Zb/2aAuv5kWWvvfhLFo2fni4uSK5vzlUdCGZ/BdV5tH8klj8p8g=="
    },
    "@trysound/sax@0.2.0": {
      "integrity": "sha512-L7z9BgrNEcYyUYtF+HaEfiS5ebkh9jXqbszz7pC0hRBPaatV0XjSD3+eHrpqFemQfgwiFF0QPIarnIihIDn7OA=="
    },
    "boolbase@1.0.0": {
      "integrity": "sha512-JZOSA7Mo9sNGB8+UjSgzdLtokWAky1zbztM3WRLCbZ70/3cTANmQmOdR7y2g+J0e2WXywy1yS468tY+IruqEww=="
    },
    "browserslist@4.23.2": {
      "integrity": "sha512-qkqSyistMYdxAcw+CzbZwlBy8AGmS/eEWs+sEV5TnLRGDOL+C5M2EnH6tlZyg0YoAxGJAFKh61En9BR941GnHA==",
      "dependencies": [
        "caniuse-lite@1.0.30001643",
        "electron-to-chromium@1.5.0",
        "node-releases",
        "update-browserslist-db@1.1.0_browserslist@4.23.2"
      ]
    },
    "browserslist@4.23.3": {
      "integrity": "sha512-btwCFJVjI4YWDNfau8RhZ+B1Q/VLoUITrm3RlP6y1tYGWIOa+InuYiRGXUBXo8nA1qKmHMyLB/iVQg5TT4eFoA==",
      "dependencies": [
        "caniuse-lite@1.0.30001646",
        "electron-to-chromium@1.5.4",
        "node-releases",
        "update-browserslist-db@1.1.0_browserslist@4.23.3"
      ]
    },
    "caniuse-api@3.0.0": {
      "integrity": "sha512-bsTwuIg/BZZK/vreVTYYbSWoe2F+71P7K5QGEX+pT250DZbfU1MQ5prOKpPR+LL6uWKK3KMwMCAS74QB3Um1uw==",
      "dependencies": [
        "browserslist@4.23.3",
        "caniuse-lite@1.0.30001646",
        "lodash.memoize",
        "lodash.uniq"
      ]
    },
    "caniuse-lite@1.0.30001643": {
      "integrity": "sha512-ERgWGNleEilSrHM6iUz/zJNSQTP8Mr21wDWpdgvRwcTXGAq6jMtOUPP4dqFPTdKqZ2wKTdtB+uucZ3MRpAUSmg=="
    },
    "caniuse-lite@1.0.30001646": {
      "integrity": "sha512-dRg00gudiBDDTmUhClSdv3hqRfpbOnU28IpI1T6PBTLWa+kOj0681C8uML3PifYfREuBrVjDGhL3adYpBT6spw=="
    },
    "colord@2.9.3": {
      "integrity": "sha512-jeC1axXpnb0/2nn/Y1LPuLdgXBLH7aDcHu4KEKfqw3CUhX7ZpfBSlPKyqXE6btIgEzfWtrX3/tyBCaCvXvMkOw=="
    },
    "commander@7.2.0": {
      "integrity": "sha512-QrWXB+ZQSVPmIWIhtEO9H+gwHaMGYiF5ChvoJ+K9ZGHG/sVsa6yiesAD1GC/x46sET00Xlwo1u49RVVVzvcSkw=="
    },
    "css-declaration-sorter@7.2.0_postcss@8.4.40": {
      "integrity": "sha512-h70rUM+3PNFuaBDTLe8wF/cdWu+dOZmb7pJt8Z2sedYbAcQVQV/tEchueg3GWxwqS0cxtbxmaHEdkNACqcvsow==",
      "dependencies": [
        "postcss"
      ]
    },
    "css-select@5.1.0": {
      "integrity": "sha512-nwoRF1rvRRnnCqqY7updORDsuqKzqYJ28+oSMaJMMgOauh3fvwHqMS7EZpIPqK8GL+g9mKxF1vP/ZjSeNjEVHg==",
      "dependencies": [
        "boolbase",
        "css-what",
        "domhandler",
        "domutils",
        "nth-check"
      ]
    },
    "css-tree@2.2.1": {
      "integrity": "sha512-OA0mILzGc1kCOCSJerOeqDxDQ4HOh+G8NbOJFOTgOCzpw7fCBubk0fEyxp8AgOL/jvLgYA/uV0cMbe43ElF1JA==",
      "dependencies": [
        "mdn-data@2.0.28",
        "source-map-js"
      ]
    },
    "css-tree@2.3.1": {
      "integrity": "sha512-6Fv1DV/TYw//QF5IzQdqsNDjx/wc8TrMBZsqjL9eW01tWb7R7k/mq+/VXfJCl7SoD5emsJop9cOByJZfs8hYIw==",
      "dependencies": [
        "mdn-data@2.0.30",
        "source-map-js"
      ]
    },
    "css-what@6.1.0": {
      "integrity": "sha512-HTUrgRJ7r4dsZKU6GjmpfRK1O76h97Z8MfS1G0FozR+oF2kG6Vfe8JE6zwrkbxigziPHinCJ+gCPjA9EaBDtRw=="
    },
    "cssesc@3.0.0": {
      "integrity": "sha512-/Tb/JcjK111nNScGob5MNtsntNM1aCNUDipB/TkwZFhyDrrE47SOx/18wF2bbjgc3ZzCSKW1T5nt5EbFoAz/Vg=="
    },
    "cssnano-preset-default@7.0.4_postcss@8.4.40": {
      "integrity": "sha512-jQ6zY9GAomQX7/YNLibMEsRZguqMUGuupXcEk2zZ+p3GUxwCAsobqPYE62VrJ9qZ0l9ltrv2rgjwZPBIFIjYtw==",
      "dependencies": [
        "browserslist@4.23.3",
        "css-declaration-sorter",
        "cssnano-utils",
        "postcss",
        "postcss-calc",
        "postcss-colormin",
        "postcss-convert-values",
        "postcss-discard-comments",
        "postcss-discard-duplicates",
        "postcss-discard-empty",
        "postcss-discard-overridden",
        "postcss-merge-longhand",
        "postcss-merge-rules",
        "postcss-minify-font-values",
        "postcss-minify-gradients",
        "postcss-minify-params",
        "postcss-minify-selectors",
        "postcss-normalize-charset",
        "postcss-normalize-display-values",
        "postcss-normalize-positions",
        "postcss-normalize-repeat-style",
        "postcss-normalize-string",
        "postcss-normalize-timing-functions",
        "postcss-normalize-unicode",
        "postcss-normalize-url",
        "postcss-normalize-whitespace",
        "postcss-ordered-values",
        "postcss-reduce-initial",
        "postcss-reduce-transforms",
        "postcss-svgo",
        "postcss-unique-selectors"
      ]
    },
    "cssnano-utils@5.0.0_postcss@8.4.40": {
      "integrity": "sha512-Uij0Xdxc24L6SirFr25MlwC2rCFX6scyUmuKpzI+JQ7cyqDEwD42fJ0xfB3yLfOnRDU5LKGgjQ9FA6LYh76GWQ==",
      "dependencies": [
        "postcss"
      ]
    },
    "cssnano@7.0.4_postcss@8.4.40": {
      "integrity": "sha512-rQgpZra72iFjiheNreXn77q1haS2GEy69zCMbu4cpXCFPMQF+D4Ik5V7ktMzUF/sA7xCIgcqHwGPnCD+0a1vHg==",
      "dependencies": [
        "cssnano-preset-default",
        "lilconfig",
        "postcss"
      ]
    },
    "csso@5.0.5": {
      "integrity": "sha512-0LrrStPOdJj+SPCCrGhzryycLjwcgUSHBtxNA8aIDxf0GLsRh1cKYhB00Gd1lDOS4yGH69+SNn13+TWbVHETFQ==",
      "dependencies": [
        "css-tree@2.2.1"
      ]
    },
    "detect-libc@1.0.3": {
      "integrity": "sha512-pGjwhsmsp4kL2RTz08wcOlGN83otlqHeD/Z5T8GXZB+/YcpQ/dgo+lbU8ZsGxV0HIvqqxo9l7mqYwyYMD9bKDg=="
    },
    "dom-serializer@2.0.0": {
      "integrity": "sha512-wIkAryiqt/nV5EQKqQpo3SToSOV9J0DnbJqwK7Wv/Trc92zIAYZ4FlMu+JPFW1DfGFt81ZTCGgDEabffXeLyJg==",
      "dependencies": [
        "domelementtype",
        "domhandler",
        "entities"
      ]
    },
    "domelementtype@2.3.0": {
      "integrity": "sha512-OLETBj6w0OsagBwdXnPdN0cnMfF9opN69co+7ZrbfPGrdpPVNBUj02spi6B1N7wChLQiPn4CSH/zJvXw56gmHw=="
    },
    "domhandler@5.0.3": {
      "integrity": "sha512-cgwlv/1iFQiFnU96XXgROh8xTeetsnJiDsTc7TYCLFd9+/WNkIqPTxiM/8pSd8VIrhXGTf1Ny1q1hquVqDJB5w==",
      "dependencies": [
        "domelementtype"
      ]
    },
    "domutils@3.1.0": {
      "integrity": "sha512-H78uMmQtI2AhgDJjWeQmHwJJ2bLPD3GMmO7Zja/ZZh84wkm+4ut+IUnUdRa8uCGX88DiVx1j6FRe1XfxEgjEZA==",
      "dependencies": [
        "dom-serializer",
        "domelementtype",
        "domhandler"
      ]
    },
    "electron-to-chromium@1.5.0": {
      "integrity": "sha512-Vb3xHHYnLseK8vlMJQKJYXJ++t4u1/qJ3vykuVrVjvdiOEhYyT1AuP4x03G8EnPmYvYOhe9T+dADTmthjRQMkA=="
    },
    "electron-to-chromium@1.5.4": {
      "integrity": "sha512-orzA81VqLyIGUEA77YkVA1D+N+nNfl2isJVjjmOyrlxuooZ19ynb+dOlaDTqd/idKRS9lDCSBmtzM+kyCsMnkA=="
    },
    "entities@4.5.0": {
      "integrity": "sha512-V0hjH4dGPh9Ao5p0MoRY6BVqtwCjhz6vI5LT8AJ55H+4g9/4vbHx1I54fS0XuclLhDHArPQCiMjDxjaL8fPxhw=="
    },
    "esbuild@0.23.0": {
      "integrity": "sha512-1lvV17H2bMYda/WaFb2jLPeHU3zml2k4/yagNMG8Q/YtfMjCwEUZa2eXXMgZTVSL5q1n4H7sQ0X6CdJDqqeCFA==",
      "dependencies": [
        "@esbuild/aix-ppc64",
        "@esbuild/android-arm",
        "@esbuild/android-arm64",
        "@esbuild/android-x64",
        "@esbuild/darwin-arm64",
        "@esbuild/darwin-x64",
        "@esbuild/freebsd-arm64",
        "@esbuild/freebsd-x64",
        "@esbuild/linux-arm",
        "@esbuild/linux-arm64",
        "@esbuild/linux-ia32",
        "@esbuild/linux-loong64",
        "@esbuild/linux-mips64el",
        "@esbuild/linux-ppc64",
        "@esbuild/linux-riscv64",
        "@esbuild/linux-s390x",
        "@esbuild/linux-x64",
        "@esbuild/netbsd-x64",
        "@esbuild/openbsd-arm64",
        "@esbuild/openbsd-x64",
        "@esbuild/sunos-x64",
        "@esbuild/win32-arm64",
        "@esbuild/win32-ia32",
        "@esbuild/win32-x64"
      ]
    },
    "escalade@3.1.2": {
      "integrity": "sha512-ErCHMCae19vR8vQGe50xIsVomy19rg6gFu3+r3jkEO46suLMWBksvVyoGgQV+jOfl84ZSOSlmv6Gxa89PmTGmA=="
    },
    "function-bind@1.1.2": {
      "integrity": "sha512-7XHNxH7qX9xG5mIwxkhumTox/MIRNcOgDrxWsMt2pAr23WHp6MrRlN7FBSFpCpr+oVO0F744iUgR82nJMfG2SA=="
    },
    "hasown@2.0.2": {
      "integrity": "sha512-0hJU9SCPvmMzIBdZFqNPXWa6dqh7WdH0cII9y+CyS8rG3nL48Bclra9HmKhVVUHyPWNH5Y7xDwAB7bfgSjkUMQ==",
      "dependencies": [
        "function-bind"
      ]
    },
    "is-core-module@2.15.0": {
      "integrity": "sha512-Dd+Lb2/zvk9SKy1TGCt1wFJFo/MWBPMX5x7KcvLajWTGuomczdQX61PvY5yK6SVACwpoexWo81IfFyoKY2QnTA==",
      "dependencies": [
        "hasown"
      ]
    },
    "lightningcss-darwin-arm64@1.25.1": {
      "integrity": "sha512-G4Dcvv85bs5NLENcu/s1f7ehzE3D5ThnlWSDwE190tWXRQCQaqwcuHe+MGSVI/slm0XrxnaayXY+cNl3cSricw=="
    },
    "lightningcss-darwin-x64@1.25.1": {
      "integrity": "sha512-dYWuCzzfqRueDSmto6YU5SoGHvZTMU1Em9xvhcdROpmtOQLorurUZz8+xFxZ51lCO2LnYbfdjZ/gCqWEkwixNg=="
    },
    "lightningcss-freebsd-x64@1.25.1": {
      "integrity": "sha512-hXoy2s9A3KVNAIoKz+Fp6bNeY+h9c3tkcx1J3+pS48CqAt+5bI/R/YY4hxGL57fWAIquRjGKW50arltD6iRt/w=="
    },
    "lightningcss-linux-arm-gnueabihf@1.25.1": {
      "integrity": "sha512-tWyMgHFlHlp1e5iW3EpqvH5MvsgoN7ZkylBbG2R2LWxnvH3FuWCJOhtGcYx9Ks0Kv0eZOBud789odkYLhyf1ng=="
    },
    "lightningcss-linux-arm64-gnu@1.25.1": {
      "integrity": "sha512-Xjxsx286OT9/XSnVLIsFEDyDipqe4BcLeB4pXQ/FEA5+2uWCCuAEarUNQumRucnj7k6ftkAHUEph5r821KBccQ=="
    },
    "lightningcss-linux-arm64-musl@1.25.1": {
      "integrity": "sha512-IhxVFJoTW8wq6yLvxdPvyHv4NjzcpN1B7gjxrY3uaykQNXPHNIpChLB52+wfH+yS58zm1PL4LemUp8u9Cfp6Bw=="
    },
    "lightningcss-linux-x64-gnu@1.25.1": {
      "integrity": "sha512-RXIaru79KrREPEd6WLXfKfIp4QzoppZvD3x7vuTKkDA64PwTzKJ2jaC43RZHRt8BmyIkRRlmywNhTRMbmkPYpA=="
    },
    "lightningcss-linux-x64-musl@1.25.1": {
      "integrity": "sha512-TdcNqFsAENEEFr8fJWg0Y4fZ/nwuqTRsIr7W7t2wmDUlA8eSXVepeeONYcb+gtTj1RaXn/WgNLB45SFkz+XBZA=="
    },
    "lightningcss-win32-x64-msvc@1.25.1": {
      "integrity": "sha512-9KZZkmmy9oGDSrnyHuxP6iMhbsgChUiu/NSgOx+U1I/wTngBStDf2i2aGRCHvFqj19HqqBEI4WuGVQBa2V6e0A=="
    },
    "lightningcss@1.25.1": {
      "integrity": "sha512-V0RMVZzK1+rCHpymRv4URK2lNhIRyO8g7U7zOFwVAhJuat74HtkjIQpQRKNCwFEYkRGpafOpmXXLoaoBcyVtBg==",
      "dependencies": [
        "detect-libc",
        "lightningcss-darwin-arm64",
        "lightningcss-darwin-x64",
        "lightningcss-freebsd-x64",
        "lightningcss-linux-arm-gnueabihf",
        "lightningcss-linux-arm64-gnu",
        "lightningcss-linux-arm64-musl",
        "lightningcss-linux-x64-gnu",
        "lightningcss-linux-x64-musl",
        "lightningcss-win32-x64-msvc"
      ]
    },
    "lilconfig@3.1.2": {
      "integrity": "sha512-eop+wDAvpItUys0FWkHIKeC9ybYrTGbU41U5K7+bttZZeohvnY7M9dZ5kB21GNWiFT2q1OoPTvncPCgSOVO5ow=="
    },
    "lodash.memoize@4.1.2": {
      "integrity": "sha512-t7j+NzmgnQzTAYXcsHYLgimltOV1MXHtlOWf6GjL9Kj8GK5FInw5JotxvbOs+IvV1/Dzo04/fCGfLVs7aXb4Ag=="
    },
    "lodash.uniq@4.5.0": {
      "integrity": "sha512-xfBaXQd9ryd9dlSDvnvI0lvxfLJlYAZzXomUYzLKtUeOQvOP5piqAWuGtrhWeqaXK9hhoM/iyJc5AV+XfsX3HQ=="
    },
    "mdn-data@2.0.28": {
      "integrity": "sha512-aylIc7Z9y4yzHYAJNuESG3hfhC+0Ibp/MAMiaOZgNv4pmEdFyfZhhhny4MNiAfWdBQ1RQ2mfDWmM1x8SvGyp8g=="
    },
    "mdn-data@2.0.30": {
      "integrity": "sha512-GaqWWShW4kv/G9IEucWScBx9G1/vsFZZJUO+tD26M8J8z3Kw5RDQjaoZe03YAClgeS/SWPOcb4nkFBTEi5DUEA=="
    },
    "nanoid@3.3.7": {
      "integrity": "sha512-eSRppjcPIatRIMC1U6UngP8XFcz8MQWGQdt1MTBQ7NaAmvXDfvNxbvWV3x2y6CdEUciCSsDHDQZbhYaB8QEo2g=="
    },
    "node-releases@2.0.18": {
      "integrity": "sha512-d9VeXT4SJ7ZeOqGX6R5EM022wpL+eWPooLI+5UpWn2jCT1aosUQEhQP214x33Wkwx3JQMvIm+tIoVOdodFS40g=="
    },
    "nth-check@2.1.1": {
      "integrity": "sha512-lqjrjmaOoAnWfMmBPL+XNnynZh2+swxiX3WUE0s4yEHI6m+AwrK2UZOimIRl3X/4QctVqS8AiZjFqyOGrMXb/w==",
      "dependencies": [
        "boolbase"
      ]
    },
    "path-parse@1.0.7": {
      "integrity": "sha512-LDJzPVEEEPR+y48z93A0Ed0yXb8pAByGWo/k5YYdYgpY2/2EsOsksJrq7lOHxryrVOn1ejG6oAp8ahvOIQD8sw=="
    },
    "picocolors@1.0.1": {
      "integrity": "sha512-anP1Z8qwhkbmu7MFP5iTt+wQKXgwzf7zTyGlcdzabySa9vd0Xt392U0rVmz9poOaBj0uHJKyyo9/upk0HrEQew=="
    },
    "pify@2.3.0": {
      "integrity": "sha512-udgsAY+fTnvv7kI7aaxbqwWNb0AHiB0qBO89PZKPkoTmGOgdbrHDKD+0B2X4uTfJ/FT1R09r9gTsjUjNJotuog=="
    },
    "postcss-calc@10.0.0_postcss@8.4.40": {
      "integrity": "sha512-OmjhudoNTP0QleZCwl1i6NeBwN+5MZbY5ersLZz69mjJiDVv/p57RjRuKDkHeDWr4T+S97wQfsqRTNoDHB2e3g==",
      "dependencies": [
        "postcss",
        "postcss-selector-parser",
        "postcss-value-parser"
      ]
    },
    "postcss-colormin@7.0.1_postcss@8.4.40": {
      "integrity": "sha512-uszdT0dULt3FQs47G5UHCduYK+FnkLYlpu1HpWu061eGsKZ7setoG7kA+WC9NQLsOJf69D5TxGHgnAdRgylnFQ==",
      "dependencies": [
        "browserslist@4.23.3",
        "caniuse-api",
        "colord",
        "postcss",
        "postcss-value-parser"
      ]
    },
    "postcss-convert-values@7.0.2_postcss@8.4.40": {
      "integrity": "sha512-MuZIF6HJ4izko07Q0TgW6pClalI4al6wHRNPkFzqQdwAwG7hPn0lA58VZdxyb2Vl5AYjJ1piO+jgF9EnTjQwQQ==",
      "dependencies": [
        "browserslist@4.23.3",
        "postcss",
        "postcss-value-parser"
      ]
    },
    "postcss-discard-comments@7.0.1_postcss@8.4.40": {
      "integrity": "sha512-GVrQxUOhmle1W6jX2SvNLt4kmN+JYhV7mzI6BMnkAWR9DtVvg8e67rrV0NfdWhn7x1zxvzdWkMBPdBDCls+uwQ==",
      "dependencies": [
        "postcss",
        "postcss-selector-parser"
      ]
    },
    "postcss-discard-duplicates@7.0.0_postcss@8.4.40": {
      "integrity": "sha512-bAnSuBop5LpAIUmmOSsuvtKAAKREB6BBIYStWUTGq8oG5q9fClDMMuY8i4UPI/cEcDx2TN+7PMnXYIId20UVDw==",
      "dependencies": [
        "postcss"
      ]
    },
    "postcss-discard-empty@7.0.0_postcss@8.4.40": {
      "integrity": "sha512-e+QzoReTZ8IAwhnSdp/++7gBZ/F+nBq9y6PomfwORfP7q9nBpK5AMP64kOt0bA+lShBFbBDcgpJ3X4etHg4lzA==",
      "dependencies": [
        "postcss"
      ]
    },
    "postcss-discard-overridden@7.0.0_postcss@8.4.40": {
      "integrity": "sha512-GmNAzx88u3k2+sBTZrJSDauR0ccpE24omTQCVmaTTZFz1du6AasspjaUPMJ2ud4RslZpoFKyf+6MSPETLojc6w==",
      "dependencies": [
        "postcss"
      ]
    },
    "postcss-merge-longhand@7.0.2_postcss@8.4.40": {
      "integrity": "sha512-06vrW6ZWi9qeP7KMS9fsa9QW56+tIMW55KYqF7X3Ccn+NI2pIgPV6gFfvXTMQ05H90Y5DvnCDPZ2IuHa30PMUg==",
      "dependencies": [
        "postcss",
        "postcss-value-parser",
        "stylehacks"
      ]
    },
    "postcss-merge-rules@7.0.2_postcss@8.4.40": {
      "integrity": "sha512-VAR47UNvRsdrTHLe7TV1CeEtF9SJYR5ukIB9U4GZyZOptgtsS20xSxy+k5wMrI3udST6O1XuIn7cjQkg7sDAAw==",
      "dependencies": [
        "browserslist@4.23.3",
        "caniuse-api",
        "cssnano-utils",
        "postcss",
        "postcss-selector-parser"
      ]
    },
    "postcss-minify-font-values@7.0.0_postcss@8.4.40": {
      "integrity": "sha512-2ckkZtgT0zG8SMc5aoNwtm5234eUx1GGFJKf2b1bSp8UflqaeFzR50lid4PfqVI9NtGqJ2J4Y7fwvnP/u1cQog==",
      "dependencies": [
        "postcss",
        "postcss-value-parser"
      ]
    },
    "postcss-minify-gradients@7.0.0_postcss@8.4.40": {
      "integrity": "sha512-pdUIIdj/C93ryCHew0UgBnL2DtUS3hfFa5XtERrs4x+hmpMYGhbzo6l/Ir5de41O0GaKVpK1ZbDNXSY6GkXvtg==",
      "dependencies": [
        "colord",
        "cssnano-utils",
        "postcss",
        "postcss-value-parser"
      ]
    },
    "postcss-minify-params@7.0.1_postcss@8.4.40": {
      "integrity": "sha512-e+Xt8xErSRPgSRFxHeBCSxMiO8B8xng7lh8E0A5ep1VfwYhY8FXhu4Q3APMjgx9YDDbSp53IBGENrzygbUvgUQ==",
      "dependencies": [
        "browserslist@4.23.3",
        "cssnano-utils",
        "postcss",
        "postcss-value-parser"
      ]
    },
    "postcss-minify-selectors@7.0.2_postcss@8.4.40": {
      "integrity": "sha512-dCzm04wqW1uqLmDZ41XYNBJfjgps3ZugDpogAmJXoCb5oCiTzIX4oPXXKxDpTvWOnKxQKR4EbV4ZawJBLcdXXA==",
      "dependencies": [
        "cssesc",
        "postcss",
        "postcss-selector-parser"
      ]
    },
    "postcss-normalize-charset@7.0.0_postcss@8.4.40": {
      "integrity": "sha512-ABisNUXMeZeDNzCQxPxBCkXexvBrUHV+p7/BXOY+ulxkcjUZO0cp8ekGBwvIh2LbCwnWbyMPNJVtBSdyhM2zYQ==",
      "dependencies": [
        "postcss"
      ]
    },
    "postcss-normalize-display-values@7.0.0_postcss@8.4.40": {
      "integrity": "sha512-lnFZzNPeDf5uGMPYgGOw7v0BfB45+irSRz9gHQStdkkhiM0gTfvWkWB5BMxpn0OqgOQuZG/mRlZyJxp0EImr2Q==",
      "dependencies": [
        "postcss",
        "postcss-value-parser"
      ]
    },
    "postcss-normalize-positions@7.0.0_postcss@8.4.40": {
      "integrity": "sha512-I0yt8wX529UKIGs2y/9Ybs2CelSvItfmvg/DBIjTnoUSrPxSV7Z0yZ8ShSVtKNaV/wAY+m7bgtyVQLhB00A1NQ==",
      "dependencies": [
        "postcss",
        "postcss-value-parser"
      ]
    },
    "postcss-normalize-repeat-style@7.0.0_postcss@8.4.40": {
      "integrity": "sha512-o3uSGYH+2q30ieM3ppu9GTjSXIzOrRdCUn8UOMGNw7Af61bmurHTWI87hRybrP6xDHvOe5WlAj3XzN6vEO8jLw==",
      "dependencies": [
        "postcss",
        "postcss-value-parser"
      ]
    },
    "postcss-normalize-string@7.0.0_postcss@8.4.40": {
      "integrity": "sha512-w/qzL212DFVOpMy3UGyxrND+Kb0fvCiBBujiaONIihq7VvtC7bswjWgKQU/w4VcRyDD8gpfqUiBQ4DUOwEJ6Qg==",
      "dependencies": [
        "postcss",
        "postcss-value-parser"
      ]
    },
    "postcss-normalize-timing-functions@7.0.0_postcss@8.4.40": {
      "integrity": "sha512-tNgw3YV0LYoRwg43N3lTe3AEWZ66W7Dh7lVEpJbHoKOuHc1sLrzMLMFjP8SNULHaykzsonUEDbKedv8C+7ej6g==",
      "dependencies": [
        "postcss",
        "postcss-value-parser"
      ]
    },
    "postcss-normalize-unicode@7.0.1_postcss@8.4.40": {
      "integrity": "sha512-PTPGdY9xAkTw+8ZZ71DUePb7M/Vtgkbbq+EoI33EuyQEzbKemEQMhe5QSr0VP5UfZlreANDPxSfcdSprENcbsg==",
      "dependencies": [
        "browserslist@4.23.3",
        "postcss",
        "postcss-value-parser"
      ]
    },
    "postcss-normalize-url@7.0.0_postcss@8.4.40": {
      "integrity": "sha512-+d7+PpE+jyPX1hDQZYG+NaFD+Nd2ris6r8fPTBAjE8z/U41n/bib3vze8x7rKs5H1uEw5ppe9IojewouHk0klQ==",
      "dependencies": [
        "postcss",
        "postcss-value-parser"
      ]
    },
    "postcss-normalize-whitespace@7.0.0_postcss@8.4.40": {
      "integrity": "sha512-37/toN4wwZErqohedXYqWgvcHUGlT8O/m2jVkAfAe9Bd4MzRqlBmXrJRePH0e9Wgnz2X7KymTgTOaaFizQe3AQ==",
      "dependencies": [
        "postcss",
        "postcss-value-parser"
      ]
    },
    "postcss-ordered-values@7.0.1_postcss@8.4.40": {
      "integrity": "sha512-irWScWRL6nRzYmBOXReIKch75RRhNS86UPUAxXdmW/l0FcAsg0lvAXQCby/1lymxn/o0gVa6Rv/0f03eJOwHxw==",
      "dependencies": [
        "cssnano-utils",
        "postcss",
        "postcss-value-parser"
      ]
    },
    "postcss-reduce-initial@7.0.1_postcss@8.4.40": {
      "integrity": "sha512-0JDUSV4bGB5FGM5g8MkS+rvqKukJZ7OTHw/lcKn7xPNqeaqJyQbUO8/dJpvyTpaVwPsd3Uc33+CfNzdVowp2WA==",
      "dependencies": [
        "browserslist@4.23.3",
        "caniuse-api",
        "postcss"
      ]
    },
    "postcss-reduce-transforms@7.0.0_postcss@8.4.40": {
      "integrity": "sha512-pnt1HKKZ07/idH8cpATX/ujMbtOGhUfE+m8gbqwJE05aTaNw8gbo34a2e3if0xc0dlu75sUOiqvwCGY3fzOHew==",
      "dependencies": [
        "postcss",
        "postcss-value-parser"
      ]
    },
    "postcss-selector-parser@6.1.1": {
      "integrity": "sha512-b4dlw/9V8A71rLIDsSwVmak9z2DuBUB7CA1/wSdelNEzqsjoSPeADTWNO09lpH49Diy3/JIZ2bSPB1dI3LJCHg==",
      "dependencies": [
        "cssesc",
        "util-deprecate"
      ]
    },
    "postcss-svgo@7.0.1_postcss@8.4.40": {
      "integrity": "sha512-0WBUlSL4lhD9rA5k1e5D8EN5wCEyZD6HJk0jIvRxl+FDVOMlJ7DePHYWGGVc5QRqrJ3/06FTXM0bxjmJpmTPSA==",
      "dependencies": [
        "postcss",
        "postcss-value-parser",
        "svgo"
      ]
    },
    "postcss-unique-selectors@7.0.1_postcss@8.4.40": {
      "integrity": "sha512-MH7QE/eKUftTB5ta40xcHLl7hkZjgDFydpfTK+QWXeHxghVt3VoPqYL5/G+zYZPPIs+8GuqFXSTgxBSoB1RZtQ==",
      "dependencies": [
        "postcss",
        "postcss-selector-parser"
      ]
    },
    "postcss-value-parser@4.2.0": {
      "integrity": "sha512-1NNCs6uurfkVbeXG4S8JFT9t19m45ICnif8zWLd5oPSZ50QnwMfK+H3jv408d4jw/7Bttv5axS5IiHoLaVNHeQ=="
    },
    "postcss@8.4.40": {
      "integrity": "sha512-YF2kKIUzAofPMpfH6hOi2cGnv/HrUlfucspc7pDyvv7kGdqXrfj8SCl/t8owkEgKEuu8ZcRjSOxFxVLqwChZ2Q==",
      "dependencies": [
        "nanoid",
        "picocolors",
        "source-map-js"
      ]
    },
    "read-cache@1.0.0": {
      "integrity": "sha512-Owdv/Ft7IjOgm/i0xvNDZ1LrRANRfew4b2prF3OWMQLxLfu3bS8FVhCsrSCMK4lR56Y9ya+AThoTpDCTxCmpRA==",
      "dependencies": [
        "pify"
      ]
    },
    "resolve@1.22.8": {
      "integrity": "sha512-oKWePCxqpd6FlLvGV1VU0x7bkPmmCNolxzjMf4NczoDnQcIWrAF+cPtZn5i6n+RfD2d9i0tzpKnG6Yk168yIyw==",
      "dependencies": [
        "is-core-module",
        "path-parse",
        "supports-preserve-symlinks-flag"
      ]
    },
    "source-map-js@1.2.0": {
      "integrity": "sha512-itJW8lvSA0TXEphiRoawsCksnlf8SyvmFzIhltqAHluXd88pkCd+cXJVHTDwdCr0IzwptSm035IHQktUu1QUMg=="
    },
    "stylehacks@7.0.2_postcss@8.4.40": {
      "integrity": "sha512-HdkWZS9b4gbgYTdMg4gJLmm7biAUug1qTqXjS+u8X+/pUd+9Px1E+520GnOW3rST9MNsVOVpsJG+mPHNosxjOQ==",
      "dependencies": [
        "browserslist@4.23.3",
        "postcss",
        "postcss-selector-parser"
      ]
    },
    "supports-preserve-symlinks-flag@1.0.0": {
      "integrity": "sha512-ot0WnXS9fgdkgIcePe6RHNk1WA8+muPa6cSjeR3V8K27q9BB1rTE3R1p7Hv0z1ZyAc8s6Vvv8DIyWf681MAt0w=="
    },
    "svgo@3.3.2": {
      "integrity": "sha512-OoohrmuUlBs8B8o6MB2Aevn+pRIH9zDALSR+6hhqVfa6fRwG/Qw9VUMSMW9VNg2CFc/MTIfabtdOVl9ODIJjpw==",
      "dependencies": [
        "@trysound/sax",
        "commander",
        "css-select",
        "css-tree@2.3.1",
        "css-what",
        "csso",
        "picocolors"
      ]
    },
    "update-browserslist-db@1.1.0_browserslist@4.23.2": {
      "integrity": "sha512-EdRAaAyk2cUE1wOf2DkEhzxqOQvFOoRJFNS6NeyJ01Gp2beMRpBAINjM2iDXE3KCuKhwnvHIQCJm6ThL2Z+HzQ==",
      "dependencies": [
        "browserslist@4.23.2",
        "escalade",
        "picocolors"
      ]
    },
    "update-browserslist-db@1.1.0_browserslist@4.23.3": {
      "integrity": "sha512-EdRAaAyk2cUE1wOf2DkEhzxqOQvFOoRJFNS6NeyJ01Gp2beMRpBAINjM2iDXE3KCuKhwnvHIQCJm6ThL2Z+HzQ==",
      "dependencies": [
        "browserslist@4.23.3",
        "escalade",
        "picocolors"
      ]
    },
    "util-deprecate@1.0.2": {
      "integrity": "sha512-EPD5q1uXyFxJpCrLnCc1nHnq3gOa6DZBocAIiI2TaSCA7VCJ1UJDMagCzIkXNsUYfD1daK//LTEQ8xiIbrHtcw=="
    }
  },
  "remote": {
    "https://deno.land/x/path_to_regexp@v6.2.1/index.ts": "894060567837bae8fc9c5cbd4d0a05e9024672083d5883b525c031eea940e556"
  },
  "workspace": {
    "dependencies": [
      "jsr:@b-fuze/deno-dom@~0.1.48",
      "jsr:@classic/build@0",
      "jsr:@classic/element@0",
      "jsr:@classic/js@0",
      "jsr:@classic/server@0",
      "jsr:@classic/util@0",
      "jsr:@hono/hono@^4.4.8",
      "jsr:@jabr/xxhash64@2",
      "jsr:@luca/esbuild-deno-loader@~0.10.3",
      "jsr:@std/assert@^1.0.7",
      "jsr:@std/encoding@^1.0.4",
      "jsr:@std/fs@~0.229.3",
      "jsr:@std/http@~0.224.5",
      "jsr:@std/media-types@^1.0.2",
      "jsr:@std/path@~0.225.2",
      "npm:esbuild@0.23",
      "npm:lightningcss@^1.25.1"
    ]
  }
}
